
Microsoft Visual Studio Solution File, Format Version 12.00
# Visual Studio Version 16
VisualStudioVersion = 16.0.30907.101
MinimumVisualStudioVersion = 10.0.40219.1
Project("{888888A0-9F3D-457C-B088-3A5042F75D52}") = "fuzzy", "genetic\fuzzy.pyproj", "{14D62AE0-9454-4E33-9220-8A5B0681269A}"
EndProject
Global
	GlobalSection(SolutionConfigurationPlatforms) = preSolution
		Debug|Any CPU = Debug|Any CPU
		Release|Any CPU = Release|Any CPU
	EndGlobalSection
	GlobalSection(ProjectConfigurationPlatforms) = postSolution
		{14D62AE0-9454-4E33-9220-8A5B0681269A}.Debug|Any CPU.ActiveCfg = Debug|Any CPU
		{14D62AE0-9454-4E33-9220-8A5B0681269A}.Release|Any CPU.ActiveCfg = Release|Any CPU
	EndGlobalSection
	GlobalSection(SolutionProperties) = preSolution
		HideSolutionNode = FALSE
	EndGlobalSection
	GlobalSection(ExtensibilityGlobals) = postSolution
		SolutionGuid = {C76197F3-DAA6-4461-8F96-E02DEF58A6C1}
	EndGlobalSection
EndGlobal
