
Microsoft Visual Studio Solution File, Format Version 12.00
# Visual Studio Version 16
VisualStudioVersion = 16.0.30907.101
MinimumVisualStudioVersion = 10.0.40219.1
Project("{888888A0-9F3D-457C-B088-3A5042F75D52}") = "project", "project\project.pyproj", "{DCE3FF4B-F2E1-418A-90CB-E8C02981332B}"
EndProject
Global
	GlobalSection(SolutionConfigurationPlatforms) = preSolution
		Debug|Any CPU = Debug|Any CPU
		Release|Any CPU = Release|Any CPU
	EndGlobalSection
	GlobalSection(ProjectConfigurationPlatforms) = postSolution
		{DCE3FF4B-F2E1-418A-90CB-E8C02981332B}.Debug|Any CPU.ActiveCfg = Debug|Any CPU
		{DCE3FF4B-F2E1-418A-90CB-E8C02981332B}.Release|Any CPU.ActiveCfg = Release|Any CPU
	EndGlobalSection
	GlobalSection(SolutionProperties) = preSolution
		HideSolutionNode = FALSE
	EndGlobalSection
	GlobalSection(ExtensibilityGlobals) = postSolution
		SolutionGuid = {AA2841D7-E5A7-4260-9263-E49055E12E9F}
	EndGlobalSection
EndGlobal
